
Microsoft Visual Studio Solution File, Format Version 12.00
# Visual Studio Version 17
VisualStudioVersion = 17.7.34031.279
MinimumVisualStudioVersion = 10.0.40219.1
Project("{FAE04EC0-301F-11D3-BF4B-00C04F79EFBC}") = "web-api", "web-api.csproj", "{D88198DB-713B-4EAE-941C-8BF79B0BF097}"
EndProject
Global
	GlobalSection(SolutionConfigurationPlatforms) = preSolution
		Debug|Any CPU = Debug|Any CPU
		Release|Any CPU = Release|Any CPU
	EndGlobalSection
	GlobalSection(ProjectConfigurationPlatforms) = postSolution
		{D88198DB-713B-4EAE-941C-8BF79B0BF097}.Debug|Any CPU.ActiveCfg = Debug|Any CPU
		{D88198DB-713B-4EAE-941C-8BF79B0BF097}.Debug|Any CPU.Build.0 = Debug|Any CPU
		{D88198DB-713B-4EAE-941C-8BF79B0BF097}.Release|Any CPU.ActiveCfg = Release|Any CPU
		{D88198DB-713B-4EAE-941C-8BF79B0BF097}.Release|Any CPU.Build.0 = Release|Any CPU
	EndGlobalSection
	GlobalSection(SolutionProperties) = preSolution
		HideSolutionNode = FALSE
	EndGlobalSection
	GlobalSection(ExtensibilityGlobals) = postSolution
		SolutionGuid = {174547EA-715B-44E5-AFD0-05D575063234}
	EndGlobalSection
EndGlobal
